
Microsoft Visual Studio Solution File, Format Version 12.00
# Visual Studio Version 16
VisualStudioVersion = 16.0.30804.86
MinimumVisualStudioVersion = 10.0.40219.1
Project("{FAE04EC0-301F-11D3-BF4B-00C04F79EFBC}") = "MyApp_ss3.Android", "MyApp_ss3\MyApp_ss3.Android\MyApp_ss3.Android.csproj", "{E6B12764-1477-4BF4-93A8-8BF482E47FD5}"
EndProject
Project("{FAE04EC0-301F-11D3-BF4B-00C04F79EFBC}") = "MyApp_ss3.iOS", "MyApp_ss3\MyApp_ss3.iOS\MyApp_ss3.iOS.csproj", "{EA4FC7EF-A7F0-4121-B9C1-2C39F462802B}"
EndProject
Project("{FAE04EC0-301F-11D3-BF4B-00C04F79EFBC}") = "MyApp_ss3", "MyApp_ss3\MyApp_ss3\MyApp_ss3.csproj", "{B55393C6-01F9-4A6E-8A90-BA246240E01D}"
EndProject
Global
	GlobalSection(SolutionConfigurationPlatforms) = preSolution
		Debug|Any CPU = Debug|Any CPU
		Debug|iPhone = Debug|iPhone
		Debug|iPhoneSimulator = Debug|iPhoneSimulator
		Release|Any CPU = Release|Any CPU
		Release|iPhone = Release|iPhone
		Release|iPhoneSimulator = Release|iPhoneSimulator
	EndGlobalSection
	GlobalSection(ProjectConfigurationPlatforms) = postSolution
		{E6B12764-1477-4BF4-93A8-8BF482E47FD5}.Debug|Any CPU.ActiveCfg = Debug|Any CPU
		{E6B12764-1477-4BF4-93A8-8BF482E47FD5}.Debug|Any CPU.Build.0 = Debug|Any CPU
		{E6B12764-1477-4BF4-93A8-8BF482E47FD5}.Debug|Any CPU.Deploy.0 = Debug|Any CPU
		{E6B12764-1477-4BF4-93A8-8BF482E47FD5}.Debug|iPhone.ActiveCfg = Debug|Any CPU
		{E6B12764-1477-4BF4-93A8-8BF482E47FD5}.Debug|iPhone.Build.0 = Debug|Any CPU
		{E6B12764-1477-4BF4-93A8-8BF482E47FD5}.Debug|iPhone.Deploy.0 = Debug|Any CPU
		{E6B12764-1477-4BF4-93A8-8BF482E47FD5}.Debug|iPhoneSimulator.ActiveCfg = Debug|Any CPU
		{E6B12764-1477-4BF4-93A8-8BF482E47FD5}.Debug|iPhoneSimulator.Build.0 = Debug|Any CPU
		{E6B12764-1477-4BF4-93A8-8BF482E47FD5}.Debug|iPhoneSimulator.Deploy.0 = Debug|Any CPU
		{E6B12764-1477-4BF4-93A8-8BF482E47FD5}.Release|Any CPU.ActiveCfg = Release|Any CPU
		{E6B12764-1477-4BF4-93A8-8BF482E47FD5}.Release|Any CPU.Build.0 = Release|Any CPU
		{E6B12764-1477-4BF4-93A8-8BF482E47FD5}.Release|Any CPU.Deploy.0 = Release|Any CPU
		{E6B12764-1477-4BF4-93A8-8BF482E47FD5}.Release|iPhone.ActiveCfg = Release|Any CPU
		{E6B12764-1477-4BF4-93A8-8BF482E47FD5}.Release|iPhone.Build.0 = Release|Any CPU
		{E6B12764-1477-4BF4-93A8-8BF482E47FD5}.Release|iPhone.Deploy.0 = Release|Any CPU
		{E6B12764-1477-4BF4-93A8-8BF482E47FD5}.Release|iPhoneSimulator.ActiveCfg = Release|Any CPU
		{E6B12764-1477-4BF4-93A8-8BF482E47FD5}.Release|iPhoneSimulator.Build.0 = Release|Any CPU
		{E6B12764-1477-4BF4-93A8-8BF482E47FD5}.Release|iPhoneSimulator.Deploy.0 = Release|Any CPU
		{EA4FC7EF-A7F0-4121-B9C1-2C39F462802B}.Debug|Any CPU.ActiveCfg = Debug|iPhone
		{EA4FC7EF-A7F0-4121-B9C1-2C39F462802B}.Debug|Any CPU.Build.0 = Debug|iPhone
		{EA4FC7EF-A7F0-4121-B9C1-2C39F462802B}.Debug|Any CPU.Deploy.0 = Debug|iPhone
		{EA4FC7EF-A7F0-4121-B9C1-2C39F462802B}.Debug|iPhone.ActiveCfg = Debug|iPhone
		{EA4FC7EF-A7F0-4121-B9C1-2C39F462802B}.Debug|iPhone.Build.0 = Debug|iPhone
		{EA4FC7EF-A7F0-4121-B9C1-2C39F462802B}.Debug|iPhone.Deploy.0 = Debug|iPhone
		{EA4FC7EF-A7F0-4121-B9C1-2C39F462802B}.Debug|iPhoneSimulator.ActiveCfg = Debug|iPhoneSimulator
		{EA4FC7EF-A7F0-4121-B9C1-2C39F462802B}.Debug|iPhoneSimulator.Build.0 = Debug|iPhoneSimulator
		{EA4FC7EF-A7F0-4121-B9C1-2C39F462802B}.Debug|iPhoneSimulator.Deploy.0 = Debug|iPhoneSimulator
		{EA4FC7EF-A7F0-4121-B9C1-2C39F462802B}.Release|Any CPU.ActiveCfg = Release|iPhoneSimulator
		{EA4FC7EF-A7F0-4121-B9C1-2C39F462802B}.Release|Any CPU.Build.0 = Release|iPhoneSimulator
		{EA4FC7EF-A7F0-4121-B9C1-2C39F462802B}.Release|Any CPU.Deploy.0 = Release|iPhoneSimulator
		{EA4FC7EF-A7F0-4121-B9C1-2C39F462802B}.Release|iPhone.ActiveCfg = Release|iPhone
		{EA4FC7EF-A7F0-4121-B9C1-2C39F462802B}.Release|iPhone.Build.0 = Release|iPhone
		{EA4FC7EF-A7F0-4121-B9C1-2C39F462802B}.Release|iPhone.Deploy.0 = Release|iPhone
		{EA4FC7EF-A7F0-4121-B9C1-2C39F462802B}.Release|iPhoneSimulator.ActiveCfg = Release|iPhoneSimulator
		{EA4FC7EF-A7F0-4121-B9C1-2C39F462802B}.Release|iPhoneSimulator.Build.0 = Release|iPhoneSimulator
		{EA4FC7EF-A7F0-4121-B9C1-2C39F462802B}.Release|iPhoneSimulator.Deploy.0 = Release|iPhoneSimulator
		{B55393C6-01F9-4A6E-8A90-BA246240E01D}.Debug|Any CPU.ActiveCfg = Debug|Any CPU
		{B55393C6-01F9-4A6E-8A90-BA246240E01D}.Debug|Any CPU.Build.0 = Debug|Any CPU
		{B55393C6-01F9-4A6E-8A90-BA246240E01D}.Debug|Any CPU.Deploy.0 = Debug|Any CPU
		{B55393C6-01F9-4A6E-8A90-BA246240E01D}.Debug|iPhone.ActiveCfg = Debug|Any CPU
		{B55393C6-01F9-4A6E-8A90-BA246240E01D}.Debug|iPhone.Build.0 = Debug|Any CPU
		{B55393C6-01F9-4A6E-8A90-BA246240E01D}.Debug|iPhone.Deploy.0 = Debug|Any CPU
		{B55393C6-01F9-4A6E-8A90-BA246240E01D}.Debug|iPhoneSimulator.ActiveCfg = Debug|Any CPU
		{B55393C6-01F9-4A6E-8A90-BA246240E01D}.Debug|iPhoneSimulator.Build.0 = Debug|Any CPU
		{B55393C6-01F9-4A6E-8A90-BA246240E01D}.Debug|iPhoneSimulator.Deploy.0 = Debug|Any CPU
		{B55393C6-01F9-4A6E-8A90-BA246240E01D}.Release|Any CPU.ActiveCfg = Release|Any CPU
		{B55393C6-01F9-4A6E-8A90-BA246240E01D}.Release|Any CPU.Build.0 = Release|Any CPU
		{B55393C6-01F9-4A6E-8A90-BA246240E01D}.Release|Any CPU.Deploy.0 = Release|Any CPU
		{B55393C6-01F9-4A6E-8A90-BA246240E01D}.Release|iPhone.ActiveCfg = Release|Any CPU
		{B55393C6-01F9-4A6E-8A90-BA246240E01D}.Release|iPhone.Build.0 = Release|Any CPU
		{B55393C6-01F9-4A6E-8A90-BA246240E01D}.Release|iPhone.Deploy.0 = Release|Any CPU
		{B55393C6-01F9-4A6E-8A90-BA246240E01D}.Release|iPhoneSimulator.ActiveCfg = Release|Any CPU
		{B55393C6-01F9-4A6E-8A90-BA246240E01D}.Release|iPhoneSimulator.Build.0 = Release|Any CPU
		{B55393C6-01F9-4A6E-8A90-BA246240E01D}.Release|iPhoneSimulator.Deploy.0 = Release|Any CPU
	EndGlobalSection
	GlobalSection(SolutionProperties) = preSolution
		HideSolutionNode = FALSE
	EndGlobalSection
	GlobalSection(ExtensibilityGlobals) = postSolution
		SolutionGuid = {664EFF56-CDD8-415E-AAB1-D4693CB9BE75}
	EndGlobalSection
EndGlobal
